
Microsoft Visual Studio Solution File, Format Version 12.00
# Visual Studio Version 17
VisualStudioVersion = 17.4.33205.214
MinimumVisualStudioVersion = 10.0.40219.1
Project("{FAE04EC0-301F-11D3-BF4B-00C04F79EFBC}") = "Lab5", "Lab5\Lab5.csproj", "{47215D0C-D48E-44A2-A911-8608FD833217}"
EndProject
Global
	GlobalSection(SolutionConfigurationPlatforms) = preSolution
		Debug|Any CPU = Debug|Any CPU
		Release|Any CPU = Release|Any CPU
	EndGlobalSection
	GlobalSection(ProjectConfigurationPlatforms) = postSolution
		{47215D0C-D48E-44A2-A911-8608FD833217}.Debug|Any CPU.ActiveCfg = Debug|Any CPU
		{47215D0C-D48E-44A2-A911-8608FD833217}.Debug|Any CPU.Build.0 = Debug|Any CPU
		{47215D0C-D48E-44A2-A911-8608FD833217}.Release|Any CPU.ActiveCfg = Release|Any CPU
		{47215D0C-D48E-44A2-A911-8608FD833217}.Release|Any CPU.Build.0 = Release|Any CPU
	EndGlobalSection
	GlobalSection(SolutionProperties) = preSolution
		HideSolutionNode = FALSE
	EndGlobalSection
	GlobalSection(ExtensibilityGlobals) = postSolution
		SolutionGuid = {E3C843F2-E3F4-47AD-9E86-78589B5E6BC9}
	EndGlobalSection
EndGlobal
