
Microsoft Visual Studio Solution File, Format Version 12.00
# Blend for Visual Studio Version 17
VisualStudioVersion = 17.4.33205.214
MinimumVisualStudioVersion = 10.0.40219.1
Project("{FAE04EC0-301F-11D3-BF4B-00C04F79EFBC}") = "WpfApp1", "WpfApp1\WpfApp1.csproj", "{14ECF3AA-1BD2-4D75-8619-F628DCB069E4}"
EndProject
Global
	GlobalSection(SolutionConfigurationPlatforms) = preSolution
		Debug|Any CPU = Debug|Any CPU
		Release|Any CPU = Release|Any CPU
	EndGlobalSection
	GlobalSection(ProjectConfigurationPlatforms) = postSolution
		{14ECF3AA-1BD2-4D75-8619-F628DCB069E4}.Debug|Any CPU.ActiveCfg = Debug|Any CPU
		{14ECF3AA-1BD2-4D75-8619-F628DCB069E4}.Debug|Any CPU.Build.0 = Debug|Any CPU
		{14ECF3AA-1BD2-4D75-8619-F628DCB069E4}.Release|Any CPU.ActiveCfg = Release|Any CPU
		{14ECF3AA-1BD2-4D75-8619-F628DCB069E4}.Release|Any CPU.Build.0 = Release|Any CPU
	EndGlobalSection
	GlobalSection(SolutionProperties) = preSolution
		HideSolutionNode = FALSE
	EndGlobalSection
	GlobalSection(ExtensibilityGlobals) = postSolution
		SolutionGuid = {2EDDBEB9-41DE-4B9E-B45B-F5C2EFF91239}
	EndGlobalSection
EndGlobal
